// !$*UTF8*$!
{
	archiveVersion = 1;
	classes = {
	};
	objectVersion = 55;
	objects = {

/* Begin PBXBuildFile section */
		93A04CABD6D59794339068BF /* Pods_DemoChat.framework in Frameworks */ = {isa = PBXBuildFile; fileRef = 24EB82520DF1548ED71C8976 /* Pods_DemoChat.framework */; };
		C026825E27987B63006AB0F8 /* AppDelegate.swift in Sources */ = {isa = PBXBuildFile; fileRef = C026825D27987B63006AB0F8 /* AppDelegate.swift */; };
		C026826027987B63006AB0F8 /* SceneDelegate.swift in Sources */ = {isa = PBXBuildFile; fileRef = C026825F27987B63006AB0F8 /* SceneDelegate.swift */; };
		C026826227987B63006AB0F8 /* AuthViewController.swift in Sources */ = {isa = PBXBuildFile; fileRef = C026826127987B63006AB0F8 /* AuthViewController.swift */; };
		C026826727987B66006AB0F8 /* Assets.xcassets in Resources */ = {isa = PBXBuildFile; fileRef = C026826627987B66006AB0F8 /* Assets.xcassets */; };
		C026826A27987B66006AB0F8 /* LaunchScreen.storyboard in Resources */ = {isa = PBXBuildFile; fileRef = C026826827987B66006AB0F8 /* LaunchScreen.storyboard */; };
		C026827227988062006AB0F8 /* UIButton + Extension.swift in Sources */ = {isa = PBXBuildFile; fileRef = C026827127988062006AB0F8 /* UIButton + Extension.swift */; };
		C026827427988316006AB0F8 /* UIFont + Extension.swift in Sources */ = {isa = PBXBuildFile; fileRef = C026827327988316006AB0F8 /* UIFont + Extension.swift */; };
		C02682762798841E006AB0F8 /* UIColor + Extension.swift in Sources */ = {isa = PBXBuildFile; fileRef = C02682752798841E006AB0F8 /* UIColor + Extension.swift */; };
		C026827827988951006AB0F8 /* Label + Extension.swift in Sources */ = {isa = PBXBuildFile; fileRef = C026827727988951006AB0F8 /* Label + Extension.swift */; };
		C026827A27988A1B006AB0F8 /* UIImageView + Extension.swift in Sources */ = {isa = PBXBuildFile; fileRef = C026827927988A1B006AB0F8 /* UIImageView + Extension.swift */; };
		C026827E27988ED5006AB0F8 /* ButtonFormView.swift in Sources */ = {isa = PBXBuildFile; fileRef = C026827D27988ED5006AB0F8 /* ButtonFormView.swift */; };
		C026828027989911006AB0F8 /* StackView + Extension.swift in Sources */ = {isa = PBXBuildFile; fileRef = C026827F27989911006AB0F8 /* StackView + Extension.swift */; };
		C02682822799504A006AB0F8 /* SignUpViewController.swift in Sources */ = {isa = PBXBuildFile; fileRef = C02682812799504A006AB0F8 /* SignUpViewController.swift */; };
		C02682842799542C006AB0F8 /* OneLineTextField.swift in Sources */ = {isa = PBXBuildFile; fileRef = C02682832799542C006AB0F8 /* OneLineTextField.swift */; };
		C02682862799F207006AB0F8 /* LoginViewController.swift in Sources */ = {isa = PBXBuildFile; fileRef = C02682852799F207006AB0F8 /* LoginViewController.swift */; };
		C08B7FB5279D658300F88BD6 /* activeChats.json in Resources */ = {isa = PBXBuildFile; fileRef = C08B7FB3279D658300F88BD6 /* activeChats.json */; };
		C08B7FB6279D658300F88BD6 /* waitingChats.json in Resources */ = {isa = PBXBuildFile; fileRef = C08B7FB4279D658300F88BD6 /* waitingChats.json */; };
		C08B7FB8279D65CE00F88BD6 /* Bundle-Decodable.swift in Sources */ = {isa = PBXBuildFile; fileRef = C08B7FB7279D65CE00F88BD6 /* Bundle-Decodable.swift */; };
		C08B7FBB279DC19D00F88BD6 /* ActiveChatCell.swift in Sources */ = {isa = PBXBuildFile; fileRef = C08B7FBA279DC19D00F88BD6 /* ActiveChatCell.swift */; };
		C08B7FBD279DD07A00F88BD6 /* GradientVIew.swift in Sources */ = {isa = PBXBuildFile; fileRef = C08B7FBC279DD07A00F88BD6 /* GradientVIew.swift */; };
		C08B7FBF279DD68E00F88BD6 /* WaitingChatCell.swift in Sources */ = {isa = PBXBuildFile; fileRef = C08B7FBE279DD68E00F88BD6 /* WaitingChatCell.swift */; };
		C08B7FC1279DD78800F88BD6 /* SelfConfigurationCell.swift in Sources */ = {isa = PBXBuildFile; fileRef = C08B7FC0279DD78800F88BD6 /* SelfConfigurationCell.swift */; };
		C08B7FC4279DDA2700F88BD6 /* SectionHeader.swift in Sources */ = {isa = PBXBuildFile; fileRef = C08B7FC3279DDA2700F88BD6 /* SectionHeader.swift */; };
		C08B7FC7279EC91500F88BD6 /* users.json in Resources */ = {isa = PBXBuildFile; fileRef = C08B7FC6279EC91500F88BD6 /* users.json */; };
		C08B7FC9279EC94C00F88BD6 /* MUser.swift in Sources */ = {isa = PBXBuildFile; fileRef = C08B7FC8279EC94C00F88BD6 /* MUser.swift */; };
		C08B7FCB279EC95E00F88BD6 /* MChat.swift in Sources */ = {isa = PBXBuildFile; fileRef = C08B7FCA279EC95E00F88BD6 /* MChat.swift */; };
		C08B7FCE279EE08B00F88BD6 /* UserCell.swift in Sources */ = {isa = PBXBuildFile; fileRef = C08B7FCD279EE08B00F88BD6 /* UserCell.swift */; };
		C08B7FD0279EE70C00F88BD6 /* UIViewController + Extension.swift in Sources */ = {isa = PBXBuildFile; fileRef = C08B7FCF279EE70C00F88BD6 /* UIViewController + Extension.swift */; };
		C08B7FD2279F04E000F88BD6 /* ProfileViewController.swift in Sources */ = {isa = PBXBuildFile; fileRef = C08B7FD1279F04E000F88BD6 /* ProfileViewController.swift */; };
		C08B7FD4279F0B6F00F88BD6 /* InsertableTextField.swift in Sources */ = {isa = PBXBuildFile; fileRef = C08B7FD3279F0B6F00F88BD6 /* InsertableTextField.swift */; };
		C08B7FD6279F102F00F88BD6 /* UIView + Extension.swift in Sources */ = {isa = PBXBuildFile; fileRef = C08B7FD5279F102F00F88BD6 /* UIView + Extension.swift */; };
		C08B7FD8279F16A000F88BD6 /* ChatRequestViewController.swift in Sources */ = {isa = PBXBuildFile; fileRef = C08B7FD7279F16A000F88BD6 /* ChatRequestViewController.swift */; };
		C08B7FDA279F1F4D00F88BD6 /* GoogleService-Info.plist in Resources */ = {isa = PBXBuildFile; fileRef = C08B7FD9279F1F4D00F88BD6 /* GoogleService-Info.plist */; };
		C0DD8872279B2D9200553F29 /* SetupProfileViewController.swift in Sources */ = {isa = PBXBuildFile; fileRef = C0DD8871279B2D9200553F29 /* SetupProfileViewController.swift */; };
		C0DD8874279B302A00553F29 /* AddPhotoView.swift in Sources */ = {isa = PBXBuildFile; fileRef = C0DD8873279B302A00553F29 /* AddPhotoView.swift */; };
		C0DD8876279C874700553F29 /* SegmentedControl + Extension.swift in Sources */ = {isa = PBXBuildFile; fileRef = C0DD8875279C874700553F29 /* SegmentedControl + Extension.swift */; };
		C0DD8878279C970000553F29 /* ListViewController.swift in Sources */ = {isa = PBXBuildFile; fileRef = C0DD8877279C970000553F29 /* ListViewController.swift */; };
		C0DD887C279C996600553F29 /* MainTabBarController.swift in Sources */ = {isa = PBXBuildFile; fileRef = C0DD887B279C996600553F29 /* MainTabBarController.swift */; };
		C0DD887E279C99B200553F29 /* PeopleViewController.swift in Sources */ = {isa = PBXBuildFile; fileRef = C0DD887D279C99B200553F29 /* PeopleViewController.swift */; };
		C0DEF5AA279FF19F00678624 /* AuthService.swift in Sources */ = {isa = PBXBuildFile; fileRef = C0DEF5A9279FF19F00678624 /* AuthService.swift */; };
		C0DEF5AC27A0193C00678624 /* Validators.swift in Sources */ = {isa = PBXBuildFile; fileRef = C0DEF5AB27A0193C00678624 /* Validators.swift */; };
		C0DEF5AE27A01C0500678624 /* AuthErrors.swift in Sources */ = {isa = PBXBuildFile; fileRef = C0DEF5AD27A01C0500678624 /* AuthErrors.swift */; };
		C0DEF5B127A05D5000678624 /* AuthNavigationDelegate.swift in Sources */ = {isa = PBXBuildFile; fileRef = C0DEF5B027A05D5000678624 /* AuthNavigationDelegate.swift */; };
		C0DEF5B327A061CE00678624 /* FirestoreService.swift in Sources */ = {isa = PBXBuildFile; fileRef = C0DEF5B227A061CE00678624 /* FirestoreService.swift */; };
		C0DEF5B527A066EB00678624 /* UserErrors.swift in Sources */ = {isa = PBXBuildFile; fileRef = C0DEF5B427A066EB00678624 /* UserErrors.swift */; };
/* End PBXBuildFile section */

/* Begin PBXFileReference section */
		24EB82520DF1548ED71C8976 /* Pods_DemoChat.framework */ = {isa = PBXFileReference; explicitFileType = wrapper.framework; includeInIndex = 0; path = Pods_DemoChat.framework; sourceTree = BUILT_PRODUCTS_DIR; };
		7278C30C0DF667016F942548 /* Pods-DemoChat.release.xcconfig */ = {isa = PBXFileReference; includeInIndex = 1; lastKnownFileType = text.xcconfig; name = "Pods-DemoChat.release.xcconfig"; path = "Target Support Files/Pods-DemoChat/Pods-DemoChat.release.xcconfig"; sourceTree = "<group>"; };
		C026825A27987B63006AB0F8 /* DemoChat.app */ = {isa = PBXFileReference; explicitFileType = wrapper.application; includeInIndex = 0; path = DemoChat.app; sourceTree = BUILT_PRODUCTS_DIR; };
		C026825D27987B63006AB0F8 /* AppDelegate.swift */ = {isa = PBXFileReference; lastKnownFileType = sourcecode.swift; path = AppDelegate.swift; sourceTree = "<group>"; };
		C026825F27987B63006AB0F8 /* SceneDelegate.swift */ = {isa = PBXFileReference; lastKnownFileType = sourcecode.swift; path = SceneDelegate.swift; sourceTree = "<group>"; };
		C026826127987B63006AB0F8 /* AuthViewController.swift */ = {isa = PBXFileReference; lastKnownFileType = sourcecode.swift; path = AuthViewController.swift; sourceTree = "<group>"; };
		C026826627987B66006AB0F8 /* Assets.xcassets */ = {isa = PBXFileReference; lastKnownFileType = folder.assetcatalog; path = Assets.xcassets; sourceTree = "<group>"; };
		C026826927987B66006AB0F8 /* Base */ = {isa = PBXFileReference; lastKnownFileType = file.storyboard; name = Base; path = Base.lproj/LaunchScreen.storyboard; sourceTree = "<group>"; };
		C026826B27987B66006AB0F8 /* Info.plist */ = {isa = PBXFileReference; lastKnownFileType = text.plist.xml; path = Info.plist; sourceTree = "<group>"; };
		C026827127988062006AB0F8 /* UIButton + Extension.swift */ = {isa = PBXFileReference; lastKnownFileType = sourcecode.swift; path = "UIButton + Extension.swift"; sourceTree = "<group>"; };
		C026827327988316006AB0F8 /* UIFont + Extension.swift */ = {isa = PBXFileReference; lastKnownFileType = sourcecode.swift; path = "UIFont + Extension.swift"; sourceTree = "<group>"; };
		C02682752798841E006AB0F8 /* UIColor + Extension.swift */ = {isa = PBXFileReference; lastKnownFileType = sourcecode.swift; path = "UIColor + Extension.swift"; sourceTree = "<group>"; };
		C026827727988951006AB0F8 /* Label + Extension.swift */ = {isa = PBXFileReference; lastKnownFileType = sourcecode.swift; path = "Label + Extension.swift"; sourceTree = "<group>"; };
		C026827927988A1B006AB0F8 /* UIImageView + Extension.swift */ = {isa = PBXFileReference; lastKnownFileType = sourcecode.swift; path = "UIImageView + Extension.swift"; sourceTree = "<group>"; };
		C026827D27988ED5006AB0F8 /* ButtonFormView.swift */ = {isa = PBXFileReference; lastKnownFileType = sourcecode.swift; path = ButtonFormView.swift; sourceTree = "<group>"; };
		C026827F27989911006AB0F8 /* StackView + Extension.swift */ = {isa = PBXFileReference; lastKnownFileType = sourcecode.swift; path = "StackView + Extension.swift"; sourceTree = "<group>"; };
		C02682812799504A006AB0F8 /* SignUpViewController.swift */ = {isa = PBXFileReference; lastKnownFileType = sourcecode.swift; path = SignUpViewController.swift; sourceTree = "<group>"; };
		C02682832799542C006AB0F8 /* OneLineTextField.swift */ = {isa = PBXFileReference; lastKnownFileType = sourcecode.swift; path = OneLineTextField.swift; sourceTree = "<group>"; };
		C02682852799F207006AB0F8 /* LoginViewController.swift */ = {isa = PBXFileReference; lastKnownFileType = sourcecode.swift; path = LoginViewController.swift; sourceTree = "<group>"; };
		C08B7FB3279D658300F88BD6 /* activeChats.json */ = {isa = PBXFileReference; fileEncoding = 4; lastKnownFileType = text.json; path = activeChats.json; sourceTree = "<group>"; };
		C08B7FB4279D658300F88BD6 /* waitingChats.json */ = {isa = PBXFileReference; fileEncoding = 4; lastKnownFileType = text.json; path = waitingChats.json; sourceTree = "<group>"; };
		C08B7FB7279D65CE00F88BD6 /* Bundle-Decodable.swift */ = {isa = PBXFileReference; fileEncoding = 4; lastKnownFileType = sourcecode.swift; path = "Bundle-Decodable.swift"; sourceTree = "<group>"; };
		C08B7FBA279DC19D00F88BD6 /* ActiveChatCell.swift */ = {isa = PBXFileReference; lastKnownFileType = sourcecode.swift; path = ActiveChatCell.swift; sourceTree = "<group>"; };
		C08B7FBC279DD07A00F88BD6 /* GradientVIew.swift */ = {isa = PBXFileReference; lastKnownFileType = sourcecode.swift; path = GradientVIew.swift; sourceTree = "<group>"; };
		C08B7FBE279DD68E00F88BD6 /* WaitingChatCell.swift */ = {isa = PBXFileReference; lastKnownFileType = sourcecode.swift; path = WaitingChatCell.swift; sourceTree = "<group>"; };
		C08B7FC0279DD78800F88BD6 /* SelfConfigurationCell.swift */ = {isa = PBXFileReference; lastKnownFileType = sourcecode.swift; path = SelfConfigurationCell.swift; sourceTree = "<group>"; };
		C08B7FC3279DDA2700F88BD6 /* SectionHeader.swift */ = {isa = PBXFileReference; lastKnownFileType = sourcecode.swift; path = SectionHeader.swift; sourceTree = "<group>"; };
		C08B7FC6279EC91500F88BD6 /* users.json */ = {isa = PBXFileReference; fileEncoding = 4; lastKnownFileType = text.json; path = users.json; sourceTree = "<group>"; };
		C08B7FC8279EC94C00F88BD6 /* MUser.swift */ = {isa = PBXFileReference; lastKnownFileType = sourcecode.swift; path = MUser.swift; sourceTree = "<group>"; };
		C08B7FCA279EC95E00F88BD6 /* MChat.swift */ = {isa = PBXFileReference; lastKnownFileType = sourcecode.swift; path = MChat.swift; sourceTree = "<group>"; };
		C08B7FCD279EE08B00F88BD6 /* UserCell.swift */ = {isa = PBXFileReference; lastKnownFileType = sourcecode.swift; path = UserCell.swift; sourceTree = "<group>"; };
		C08B7FCF279EE70C00F88BD6 /* UIViewController + Extension.swift */ = {isa = PBXFileReference; lastKnownFileType = sourcecode.swift; path = "UIViewController + Extension.swift"; sourceTree = "<group>"; };
		C08B7FD1279F04E000F88BD6 /* ProfileViewController.swift */ = {isa = PBXFileReference; lastKnownFileType = sourcecode.swift; path = ProfileViewController.swift; sourceTree = "<group>"; };
		C08B7FD3279F0B6F00F88BD6 /* InsertableTextField.swift */ = {isa = PBXFileReference; lastKnownFileType = sourcecode.swift; path = InsertableTextField.swift; sourceTree = "<group>"; };
		C08B7FD5279F102F00F88BD6 /* UIView + Extension.swift */ = {isa = PBXFileReference; lastKnownFileType = sourcecode.swift; path = "UIView + Extension.swift"; sourceTree = "<group>"; };
		C08B7FD7279F16A000F88BD6 /* ChatRequestViewController.swift */ = {isa = PBXFileReference; lastKnownFileType = sourcecode.swift; path = ChatRequestViewController.swift; sourceTree = "<group>"; };
		C08B7FD9279F1F4D00F88BD6 /* GoogleService-Info.plist */ = {isa = PBXFileReference; fileEncoding = 4; lastKnownFileType = text.plist.xml; path = "GoogleService-Info.plist"; sourceTree = "<group>"; };
		C0DD8871279B2D9200553F29 /* SetupProfileViewController.swift */ = {isa = PBXFileReference; lastKnownFileType = sourcecode.swift; path = SetupProfileViewController.swift; sourceTree = "<group>"; };
		C0DD8873279B302A00553F29 /* AddPhotoView.swift */ = {isa = PBXFileReference; lastKnownFileType = sourcecode.swift; path = AddPhotoView.swift; sourceTree = "<group>"; };
		C0DD8875279C874700553F29 /* SegmentedControl + Extension.swift */ = {isa = PBXFileReference; lastKnownFileType = sourcecode.swift; path = "SegmentedControl + Extension.swift"; sourceTree = "<group>"; };
		C0DD8877279C970000553F29 /* ListViewController.swift */ = {isa = PBXFileReference; lastKnownFileType = sourcecode.swift; path = ListViewController.swift; sourceTree = "<group>"; };
		C0DD887B279C996600553F29 /* MainTabBarController.swift */ = {isa = PBXFileReference; lastKnownFileType = sourcecode.swift; path = MainTabBarController.swift; sourceTree = "<group>"; };
		C0DD887D279C99B200553F29 /* PeopleViewController.swift */ = {isa = PBXFileReference; lastKnownFileType = sourcecode.swift; path = PeopleViewController.swift; sourceTree = "<group>"; };
		C0DEF5A9279FF19F00678624 /* AuthService.swift */ = {isa = PBXFileReference; lastKnownFileType = sourcecode.swift; path = AuthService.swift; sourceTree = "<group>"; };
		C0DEF5AB27A0193C00678624 /* Validators.swift */ = {isa = PBXFileReference; lastKnownFileType = sourcecode.swift; path = Validators.swift; sourceTree = "<group>"; };
		C0DEF5AD27A01C0500678624 /* AuthErrors.swift */ = {isa = PBXFileReference; lastKnownFileType = sourcecode.swift; path = AuthErrors.swift; sourceTree = "<group>"; };
		C0DEF5B027A05D5000678624 /* AuthNavigationDelegate.swift */ = {isa = PBXFileReference; lastKnownFileType = sourcecode.swift; path = AuthNavigationDelegate.swift; sourceTree = "<group>"; };
		C0DEF5B227A061CE00678624 /* FirestoreService.swift */ = {isa = PBXFileReference; lastKnownFileType = sourcecode.swift; path = FirestoreService.swift; sourceTree = "<group>"; };
		C0DEF5B427A066EB00678624 /* UserErrors.swift */ = {isa = PBXFileReference; lastKnownFileType = sourcecode.swift; path = UserErrors.swift; sourceTree = "<group>"; };
		F1E40CE22E3F0CDDA4DD38B8 /* Pods-DemoChat.debug.xcconfig */ = {isa = PBXFileReference; includeInIndex = 1; lastKnownFileType = text.xcconfig; name = "Pods-DemoChat.debug.xcconfig"; path = "Target Support Files/Pods-DemoChat/Pods-DemoChat.debug.xcconfig"; sourceTree = "<group>"; };
/* End PBXFileReference section */

/* Begin PBXFrameworksBuildPhase section */
		C026825727987B63006AB0F8 /* Frameworks */ = {
			isa = PBXFrameworksBuildPhase;
			buildActionMask = 2147483647;
			files = (
				93A04CABD6D59794339068BF /* Pods_DemoChat.framework in Frameworks */,
			);
			runOnlyForDeploymentPostprocessing = 0;
		};
/* End PBXFrameworksBuildPhase section */

/* Begin PBXGroup section */
		5010405E8D3EA1CEBDF4A190 /* Pods */ = {
			isa = PBXGroup;
			children = (
				F1E40CE22E3F0CDDA4DD38B8 /* Pods-DemoChat.debug.xcconfig */,
				7278C30C0DF667016F942548 /* Pods-DemoChat.release.xcconfig */,
			);
			path = Pods;
			sourceTree = "<group>";
		};
		6EEDA2B50DEA5406A36B3610 /* Frameworks */ = {
			isa = PBXGroup;
			children = (
				24EB82520DF1548ED71C8976 /* Pods_DemoChat.framework */,
			);
			name = Frameworks;
			sourceTree = "<group>";
		};
		C026825127987B63006AB0F8 = {
			isa = PBXGroup;
			children = (
				C026825C27987B63006AB0F8 /* DemoChat */,
				C026825B27987B63006AB0F8 /* Products */,
				5010405E8D3EA1CEBDF4A190 /* Pods */,
				6EEDA2B50DEA5406A36B3610 /* Frameworks */,
			);
			sourceTree = "<group>";
		};
		C026825B27987B63006AB0F8 /* Products */ = {
			isa = PBXGroup;
			children = (
				C026825A27987B63006AB0F8 /* DemoChat.app */,
			);
			name = Products;
			sourceTree = "<group>";
		};
		C026825C27987B63006AB0F8 /* DemoChat */ = {
			isa = PBXGroup;
			children = (
				C026825D27987B63006AB0F8 /* AppDelegate.swift */,
				C026825F27987B63006AB0F8 /* SceneDelegate.swift */,
				C0DEF5A8279FF17100678624 /* Services */,
				C0DD887A279C994800553F29 /* Controllers */,
				C0DD8879279C992900553F29 /* Signin&Auth */,
				C08B7FC2279DD7B100F88BD6 /* Protocols */,
				C026827C27988D3B006AB0F8 /* Extensions */,
				C0DEF5AF27A0218900678624 /* Helpers */,
				C026826627987B66006AB0F8 /* Assets.xcassets */,
				C026826827987B66006AB0F8 /* LaunchScreen.storyboard */,
				C08B7FD9279F1F4D00F88BD6 /* GoogleService-Info.plist */,
				C026826B27987B66006AB0F8 /* Info.plist */,
			);
			path = DemoChat;
			sourceTree = "<group>";
		};
		C026827B27988D2B006AB0F8 /* UIKit */ = {
			isa = PBXGroup;
			children = (
				C08B7FCF279EE70C00F88BD6 /* UIViewController + Extension.swift */,
				C026827927988A1B006AB0F8 /* UIImageView + Extension.swift */,
				C08B7FD5279F102F00F88BD6 /* UIView + Extension.swift */,
				C02682752798841E006AB0F8 /* UIColor + Extension.swift */,
				C026827727988951006AB0F8 /* Label + Extension.swift */,
				C026827F27989911006AB0F8 /* StackView + Extension.swift */,
				C026827127988062006AB0F8 /* UIButton + Extension.swift */,
				C026827327988316006AB0F8 /* UIFont + Extension.swift */,
				C0DD8875279C874700553F29 /* SegmentedControl + Extension.swift */,
				C08B7FB3279D658300F88BD6 /* activeChats.json */,
				C08B7FB4279D658300F88BD6 /* waitingChats.json */,
				C08B7FC6279EC91500F88BD6 /* users.json */,
			);
			path = UIKit;
			sourceTree = "<group>";
		};
		C026827C27988D3B006AB0F8 /* Extensions */ = {
			isa = PBXGroup;
			children = (
				C026827D27988ED5006AB0F8 /* ButtonFormView.swift */,
				C08B7FBC279DD07A00F88BD6 /* GradientVIew.swift */,
				C02682832799542C006AB0F8 /* OneLineTextField.swift */,
				C0DD8873279B302A00553F29 /* AddPhotoView.swift */,
				C08B7FB7279D65CE00F88BD6 /* Bundle-Decodable.swift */,
				C08B7FD3279F0B6F00F88BD6 /* InsertableTextField.swift */,
				C026827B27988D2B006AB0F8 /* UIKit */,
			);
			path = Extensions;
			sourceTree = "<group>";
		};
		C08B7FB9279DC18A00F88BD6 /* Cell */ = {
			isa = PBXGroup;
			children = (
				C08B7FBA279DC19D00F88BD6 /* ActiveChatCell.swift */,
				C08B7FBE279DD68E00F88BD6 /* WaitingChatCell.swift */,
				C08B7FCD279EE08B00F88BD6 /* UserCell.swift */,
			);
			path = Cell;
			sourceTree = "<group>";
		};
		C08B7FC2279DD7B100F88BD6 /* Protocols */ = {
			isa = PBXGroup;
			children = (
				C08B7FC0279DD78800F88BD6 /* SelfConfigurationCell.swift */,
				C0DEF5B027A05D5000678624 /* AuthNavigationDelegate.swift */,
			);
			path = Protocols;
			sourceTree = "<group>";
		};
		C08B7FC5279EC82100F88BD6 /* Header */ = {
			isa = PBXGroup;
			children = (
				C08B7FC3279DDA2700F88BD6 /* SectionHeader.swift */,
			);
			path = Header;
			sourceTree = "<group>";
		};
		C08B7FCC279EC9D400F88BD6 /* Models */ = {
			isa = PBXGroup;
			children = (
				C08B7FC8279EC94C00F88BD6 /* MUser.swift */,
				C08B7FCA279EC95E00F88BD6 /* MChat.swift */,
			);
			path = Models;
			sourceTree = "<group>";
		};
		C0DD8879279C992900553F29 /* Signin&Auth */ = {
			isa = PBXGroup;
			children = (
				C026826127987B63006AB0F8 /* AuthViewController.swift */,
				C02682812799504A006AB0F8 /* SignUpViewController.swift */,
				C02682852799F207006AB0F8 /* LoginViewController.swift */,
				C0DD8871279B2D9200553F29 /* SetupProfileViewController.swift */,
			);
			path = "Signin&Auth";
			sourceTree = "<group>";
		};
		C0DD887A279C994800553F29 /* Controllers */ = {
			isa = PBXGroup;
			children = (
				C0DD887B279C996600553F29 /* MainTabBarController.swift */,
				C0DD8877279C970000553F29 /* ListViewController.swift */,
				C0DD887D279C99B200553F29 /* PeopleViewController.swift */,
				C08B7FD1279F04E000F88BD6 /* ProfileViewController.swift */,
				C08B7FD7279F16A000F88BD6 /* ChatRequestViewController.swift */,
				C08B7FC5279EC82100F88BD6 /* Header */,
				C08B7FB9279DC18A00F88BD6 /* Cell */,
			);
			path = Controllers;
			sourceTree = "<group>";
		};
		C0DEF5A8279FF17100678624 /* Services */ = {
			isa = PBXGroup;
			children = (
				C08B7FCC279EC9D400F88BD6 /* Models */,
				C0DEF5A9279FF19F00678624 /* AuthService.swift */,
				C0DEF5B227A061CE00678624 /* FirestoreService.swift */,
			);
			path = Services;
			sourceTree = "<group>";
		};
		C0DEF5AF27A0218900678624 /* Helpers */ = {
			isa = PBXGroup;
			children = (
				C0DEF5AB27A0193C00678624 /* Validators.swift */,
				C0DEF5AD27A01C0500678624 /* AuthErrors.swift */,
				C0DEF5B427A066EB00678624 /* UserErrors.swift */,
			);
			path = Helpers;
			sourceTree = "<group>";
		};
/* End PBXGroup section */

/* Begin PBXNativeTarget section */
		C026825927987B63006AB0F8 /* DemoChat */ = {
			isa = PBXNativeTarget;
			buildConfigurationList = C026826E27987B66006AB0F8 /* Build configuration list for PBXNativeTarget "DemoChat" */;
			buildPhases = (
				BDBF9E2411138D2B1E4DB41E /* [CP] Check Pods Manifest.lock */,
				C026825627987B63006AB0F8 /* Sources */,
				C026825727987B63006AB0F8 /* Frameworks */,
				C026825827987B63006AB0F8 /* Resources */,
				99E94C931C6B84285F0BBFFB /* [CP] Embed Pods Frameworks */,
			);
			buildRules = (
			);
			dependencies = (
			);
			name = DemoChat;
			productName = DemoChat;
			productReference = C026825A27987B63006AB0F8 /* DemoChat.app */;
			productType = "com.apple.product-type.application";
		};
/* End PBXNativeTarget section */

/* Begin PBXProject section */
		C026825227987B63006AB0F8 /* Project object */ = {
			isa = PBXProject;
			attributes = {
				BuildIndependentTargetsInParallel = 1;
				LastSwiftUpdateCheck = 1320;
				LastUpgradeCheck = 1320;
				TargetAttributes = {
					C026825927987B63006AB0F8 = {
						CreatedOnToolsVersion = 13.2.1;
					};
				};
			};
			buildConfigurationList = C026825527987B63006AB0F8 /* Build configuration list for PBXProject "DemoChat" */;
			compatibilityVersion = "Xcode 13.0";
			developmentRegion = en;
			hasScannedForEncodings = 0;
			knownRegions = (
				en,
				Base,
			);
			mainGroup = C026825127987B63006AB0F8;
			productRefGroup = C026825B27987B63006AB0F8 /* Products */;
			projectDirPath = "";
			projectRoot = "";
			targets = (
				C026825927987B63006AB0F8 /* DemoChat */,
			);
		};
/* End PBXProject section */

/* Begin PBXResourcesBuildPhase section */
		C026825827987B63006AB0F8 /* Resources */ = {
			isa = PBXResourcesBuildPhase;
			buildActionMask = 2147483647;
			files = (
				C08B7FC7279EC91500F88BD6 /* users.json in Resources */,
				C026826A27987B66006AB0F8 /* LaunchScreen.storyboard in Resources */,
				C08B7FB5279D658300F88BD6 /* activeChats.json in Resources */,
				C026826727987B66006AB0F8 /* Assets.xcassets in Resources */,
				C08B7FB6279D658300F88BD6 /* waitingChats.json in Resources */,
				C08B7FDA279F1F4D00F88BD6 /* GoogleService-Info.plist in Resources */,
			);
			runOnlyForDeploymentPostprocessing = 0;
		};
/* End PBXResourcesBuildPhase section */

/* Begin PBXShellScriptBuildPhase section */
		99E94C931C6B84285F0BBFFB /* [CP] Embed Pods Frameworks */ = {
			isa = PBXShellScriptBuildPhase;
			buildActionMask = 2147483647;
			files = (
			);
			inputFileListPaths = (
				"${PODS_ROOT}/Target Support Files/Pods-DemoChat/Pods-DemoChat-frameworks-${CONFIGURATION}-input-files.xcfilelist",
			);
			name = "[CP] Embed Pods Frameworks";
			outputFileListPaths = (
				"${PODS_ROOT}/Target Support Files/Pods-DemoChat/Pods-DemoChat-frameworks-${CONFIGURATION}-output-files.xcfilelist",
			);
			runOnlyForDeploymentPostprocessing = 0;
			shellPath = /bin/sh;
			shellScript = "\"${PODS_ROOT}/Target Support Files/Pods-DemoChat/Pods-DemoChat-frameworks.sh\"\n";
			showEnvVarsInLog = 0;
		};
		BDBF9E2411138D2B1E4DB41E /* [CP] Check Pods Manifest.lock */ = {
			isa = PBXShellScriptBuildPhase;
			buildActionMask = 2147483647;
			files = (
			);
			inputFileListPaths = (
			);
			inputPaths = (
				"${PODS_PODFILE_DIR_PATH}/Podfile.lock",
				"${PODS_ROOT}/Manifest.lock",
			);
			name = "[CP] Check Pods Manifest.lock";
			outputFileListPaths = (
			);
			outputPaths = (
				"$(DERIVED_FILE_DIR)/Pods-DemoChat-checkManifestLockResult.txt",
			);
			runOnlyForDeploymentPostprocessing = 0;
			shellPath = /bin/sh;
			shellScript = "diff \"${PODS_PODFILE_DIR_PATH}/Podfile.lock\" \"${PODS_ROOT}/Manifest.lock\" > /dev/null\nif [ $? != 0 ] ; then\n    # print error to STDERR\n    echo \"error: The sandbox is not in sync with the Podfile.lock. Run 'pod install' or update your CocoaPods installation.\" >&2\n    exit 1\nfi\n# This output is used by Xcode 'outputs' to avoid re-running this script phase.\necho \"SUCCESS\" > \"${SCRIPT_OUTPUT_FILE_0}\"\n";
			showEnvVarsInLog = 0;
		};
/* End PBXShellScriptBuildPhase section */

/* Begin PBXSourcesBuildPhase section */
		C026825627987B63006AB0F8 /* Sources */ = {
			isa = PBXSourcesBuildPhase;
			buildActionMask = 2147483647;
			files = (
				C08B7FCB279EC95E00F88BD6 /* MChat.swift in Sources */,
				C0DD8878279C970000553F29 /* ListViewController.swift in Sources */,
				C02682842799542C006AB0F8 /* OneLineTextField.swift in Sources */,
				C08B7FC4279DDA2700F88BD6 /* SectionHeader.swift in Sources */,
				C0DD887C279C996600553F29 /* MainTabBarController.swift in Sources */,
				C02682822799504A006AB0F8 /* SignUpViewController.swift in Sources */,
				C08B7FBB279DC19D00F88BD6 /* ActiveChatCell.swift in Sources */,
				C08B7FC9279EC94C00F88BD6 /* MUser.swift in Sources */,
				C0DEF5AC27A0193C00678624 /* Validators.swift in Sources */,
				C026827427988316006AB0F8 /* UIFont + Extension.swift in Sources */,
				C08B7FBD279DD07A00F88BD6 /* GradientVIew.swift in Sources */,
				C08B7FD4279F0B6F00F88BD6 /* InsertableTextField.swift in Sources */,
				C0DEF5B127A05D5000678624 /* AuthNavigationDelegate.swift in Sources */,
				C0DEF5B527A066EB00678624 /* UserErrors.swift in Sources */,
				C0DD887E279C99B200553F29 /* PeopleViewController.swift in Sources */,
				C026826227987B63006AB0F8 /* AuthViewController.swift in Sources */,
				C0DEF5B327A061CE00678624 /* FirestoreService.swift in Sources */,
				C08B7FD2279F04E000F88BD6 /* ProfileViewController.swift in Sources */,
				C08B7FB8279D65CE00F88BD6 /* Bundle-Decodable.swift in Sources */,
				C08B7FD8279F16A000F88BD6 /* ChatRequestViewController.swift in Sources */,
				C0DD8872279B2D9200553F29 /* SetupProfileViewController.swift in Sources */,
				C026827827988951006AB0F8 /* Label + Extension.swift in Sources */,
				C026827E27988ED5006AB0F8 /* ButtonFormView.swift in Sources */,
				C0DD8874279B302A00553F29 /* AddPhotoView.swift in Sources */,
				C026825E27987B63006AB0F8 /* AppDelegate.swift in Sources */,
				C08B7FD6279F102F00F88BD6 /* UIView + Extension.swift in Sources */,
				C026827A27988A1B006AB0F8 /* UIImageView + Extension.swift in Sources */,
				C08B7FC1279DD78800F88BD6 /* SelfConfigurationCell.swift in Sources */,
				C08B7FCE279EE08B00F88BD6 /* UserCell.swift in Sources */,
				C08B7FD0279EE70C00F88BD6 /* UIViewController + Extension.swift in Sources */,
				C0DD8876279C874700553F29 /* SegmentedControl + Extension.swift in Sources */,
				C08B7FBF279DD68E00F88BD6 /* WaitingChatCell.swift in Sources */,
				C02682762798841E006AB0F8 /* UIColor + Extension.swift in Sources */,
				C026826027987B63006AB0F8 /* SceneDelegate.swift in Sources */,
				C026827227988062006AB0F8 /* UIButton + Extension.swift in Sources */,
				C0DEF5AA279FF19F00678624 /* AuthService.swift in Sources */,
				C02682862799F207006AB0F8 /* LoginViewController.swift in Sources */,
				C0DEF5AE27A01C0500678624 /* AuthErrors.swift in Sources */,
				C026828027989911006AB0F8 /* StackView + Extension.swift in Sources */,
			);
			runOnlyForDeploymentPostprocessing = 0;
		};
/* End PBXSourcesBuildPhase section */

/* Begin PBXVariantGroup section */
		C026826827987B66006AB0F8 /* LaunchScreen.storyboard */ = {
			isa = PBXVariantGroup;
			children = (
				C026826927987B66006AB0F8 /* Base */,
			);
			name = LaunchScreen.storyboard;
			sourceTree = "<group>";
		};
/* End PBXVariantGroup section */

/* Begin XCBuildConfiguration section */
		C026826C27987B66006AB0F8 /* Debug */ = {
			isa = XCBuildConfiguration;
			buildSettings = {
				ALWAYS_SEARCH_USER_PATHS = NO;
				CLANG_ANALYZER_NONNULL = YES;
				CLANG_ANALYZER_NUMBER_OBJECT_CONVERSION = YES_AGGRESSIVE;
				CLANG_CXX_LANGUAGE_STANDARD = "gnu++17";
				CLANG_CXX_LIBRARY = "libc++";
				CLANG_ENABLE_MODULES = YES;
				CLANG_ENABLE_OBJC_ARC = YES;
				CLANG_ENABLE_OBJC_WEAK = YES;
				CLANG_WARN_BLOCK_CAPTURE_AUTORELEASING = YES;
				CLANG_WARN_BOOL_CONVERSION = YES;
				CLANG_WARN_COMMA = YES;
				CLANG_WARN_CONSTANT_CONVERSION = YES;
				CLANG_WARN_DEPRECATED_OBJC_IMPLEMENTATIONS = YES;
				CLANG_WARN_DIRECT_OBJC_ISA_USAGE = YES_ERROR;
				CLANG_WARN_DOCUMENTATION_COMMENTS = YES;
				CLANG_WARN_EMPTY_BODY = YES;
				CLANG_WARN_ENUM_CONVERSION = YES;
				CLANG_WARN_INFINITE_RECURSION = YES;
				CLANG_WARN_INT_CONVERSION = YES;
				CLANG_WARN_NON_LITERAL_NULL_CONVERSION = YES;
				CLANG_WARN_OBJC_IMPLICIT_RETAIN_SELF = YES;
				CLANG_WARN_OBJC_LITERAL_CONVERSION = YES;
				CLANG_WARN_OBJC_ROOT_CLASS = YES_ERROR;
				CLANG_WARN_QUOTED_INCLUDE_IN_FRAMEWORK_HEADER = YES;
				CLANG_WARN_RANGE_LOOP_ANALYSIS = YES;
				CLANG_WARN_STRICT_PROTOTYPES = YES;
				CLANG_WARN_SUSPICIOUS_MOVE = YES;
				CLANG_WARN_UNGUARDED_AVAILABILITY = YES_AGGRESSIVE;
				CLANG_WARN_UNREACHABLE_CODE = YES;
				CLANG_WARN__DUPLICATE_METHOD_MATCH = YES;
				COPY_PHASE_STRIP = NO;
				DEBUG_INFORMATION_FORMAT = dwarf;
				ENABLE_STRICT_OBJC_MSGSEND = YES;
				ENABLE_TESTABILITY = YES;
				GCC_C_LANGUAGE_STANDARD = gnu11;
				GCC_DYNAMIC_NO_PIC = NO;
				GCC_NO_COMMON_BLOCKS = YES;
				GCC_OPTIMIZATION_LEVEL = 0;
				GCC_PREPROCESSOR_DEFINITIONS = (
					"DEBUG=1",
					"$(inherited)",
				);
				GCC_WARN_64_TO_32_BIT_CONVERSION = YES;
				GCC_WARN_ABOUT_RETURN_TYPE = YES_ERROR;
				GCC_WARN_UNDECLARED_SELECTOR = YES;
				GCC_WARN_UNINITIALIZED_AUTOS = YES_AGGRESSIVE;
				GCC_WARN_UNUSED_FUNCTION = YES;
				GCC_WARN_UNUSED_VARIABLE = YES;
				IPHONEOS_DEPLOYMENT_TARGET = 15.2;
				MTL_ENABLE_DEBUG_INFO = INCLUDE_SOURCE;
				MTL_FAST_MATH = YES;
				ONLY_ACTIVE_ARCH = YES;
				SDKROOT = iphoneos;
				SWIFT_ACTIVE_COMPILATION_CONDITIONS = DEBUG;
				SWIFT_OPTIMIZATION_LEVEL = "-Onone";
			};
			name = Debug;
		};
		C026826D27987B66006AB0F8 /* Release */ = {
			isa = XCBuildConfiguration;
			buildSettings = {
				ALWAYS_SEARCH_USER_PATHS = NO;
				CLANG_ANALYZER_NONNULL = YES;
				CLANG_ANALYZER_NUMBER_OBJECT_CONVERSION = YES_AGGRESSIVE;
				CLANG_CXX_LANGUAGE_STANDARD = "gnu++17";
				CLANG_CXX_LIBRARY = "libc++";
				CLANG_ENABLE_MODULES = YES;
				CLANG_ENABLE_OBJC_ARC = YES;
				CLANG_ENABLE_OBJC_WEAK = YES;
				CLANG_WARN_BLOCK_CAPTURE_AUTORELEASING = YES;
				CLANG_WARN_BOOL_CONVERSION = YES;
				CLANG_WARN_COMMA = YES;
				CLANG_WARN_CONSTANT_CONVERSION = YES;
				CLANG_WARN_DEPRECATED_OBJC_IMPLEMENTATIONS = YES;
				CLANG_WARN_DIRECT_OBJC_ISA_USAGE = YES_ERROR;
				CLANG_WARN_DOCUMENTATION_COMMENTS = YES;
				CLANG_WARN_EMPTY_BODY = YES;
				CLANG_WARN_ENUM_CONVERSION = YES;
				CLANG_WARN_INFINITE_RECURSION = YES;
				CLANG_WARN_INT_CONVERSION = YES;
				CLANG_WARN_NON_LITERAL_NULL_CONVERSION = YES;
				CLANG_WARN_OBJC_IMPLICIT_RETAIN_SELF = YES;
				CLANG_WARN_OBJC_LITERAL_CONVERSION = YES;
				CLANG_WARN_OBJC_ROOT_CLASS = YES_ERROR;
				CLANG_WARN_QUOTED_INCLUDE_IN_FRAMEWORK_HEADER = YES;
				CLANG_WARN_RANGE_LOOP_ANALYSIS = YES;
				CLANG_WARN_STRICT_PROTOTYPES = YES;
				CLANG_WARN_SUSPICIOUS_MOVE = YES;
				CLANG_WARN_UNGUARDED_AVAILABILITY = YES_AGGRESSIVE;
				CLANG_WARN_UNREACHABLE_CODE = YES;
				CLANG_WARN__DUPLICATE_METHOD_MATCH = YES;
				COPY_PHASE_STRIP = NO;
				DEBUG_INFORMATION_FORMAT = "dwarf-with-dsym";
				ENABLE_NS_ASSERTIONS = NO;
				ENABLE_STRICT_OBJC_MSGSEND = YES;
				GCC_C_LANGUAGE_STANDARD = gnu11;
				GCC_NO_COMMON_BLOCKS = YES;
				GCC_WARN_64_TO_32_BIT_CONVERSION = YES;
				GCC_WARN_ABOUT_RETURN_TYPE = YES_ERROR;
				GCC_WARN_UNDECLARED_SELECTOR = YES;
				GCC_WARN_UNINITIALIZED_AUTOS = YES_AGGRESSIVE;
				GCC_WARN_UNUSED_FUNCTION = YES;
				GCC_WARN_UNUSED_VARIABLE = YES;
				IPHONEOS_DEPLOYMENT_TARGET = 15.2;
				MTL_ENABLE_DEBUG_INFO = NO;
				MTL_FAST_MATH = YES;
				SDKROOT = iphoneos;
				SWIFT_COMPILATION_MODE = wholemodule;
				SWIFT_OPTIMIZATION_LEVEL = "-O";
				VALIDATE_PRODUCT = YES;
			};
			name = Release;
		};
		C026826F27987B66006AB0F8 /* Debug */ = {
			isa = XCBuildConfiguration;
			baseConfigurationReference = F1E40CE22E3F0CDDA4DD38B8 /* Pods-DemoChat.debug.xcconfig */;
			buildSettings = {
				ASSETCATALOG_COMPILER_APPICON_NAME = AppIcon;
				ASSETCATALOG_COMPILER_GLOBAL_ACCENT_COLOR_NAME = AccentColor;
				CODE_SIGN_STYLE = Automatic;
				CURRENT_PROJECT_VERSION = 1;
				DEVELOPMENT_TEAM = C9QK36AN46;
				GENERATE_INFOPLIST_FILE = YES;
				INFOPLIST_FILE = DemoChat/Info.plist;
				INFOPLIST_KEY_UIApplicationSupportsIndirectInputEvents = YES;
				INFOPLIST_KEY_UILaunchStoryboardName = LaunchScreen;
				INFOPLIST_KEY_UISupportedInterfaceOrientations_iPad = "UIInterfaceOrientationPortrait UIInterfaceOrientationPortraitUpsideDown UIInterfaceOrientationLandscapeLeft UIInterfaceOrientationLandscapeRight";
				INFOPLIST_KEY_UISupportedInterfaceOrientations_iPhone = "UIInterfaceOrientationPortrait UIInterfaceOrientationLandscapeLeft UIInterfaceOrientationLandscapeRight";
				LD_RUNPATH_SEARCH_PATHS = (
					"$(inherited)",
					"@executable_path/Frameworks",
				);
				MARKETING_VERSION = 1.0;
				PRODUCT_BUNDLE_IDENTIFIER = niko.kharkevich.DemoChat;
				PRODUCT_NAME = "$(TARGET_NAME)";
				SWIFT_EMIT_LOC_STRINGS = YES;
				SWIFT_VERSION = 5.0;
				TARGETED_DEVICE_FAMILY = "1,2";
			};
			name = Debug;
		};
		C026827027987B66006AB0F8 /* Release */ = {
			isa = XCBuildConfiguration;
			baseConfigurationReference = 7278C30C0DF667016F942548 /* Pods-DemoChat.release.xcconfig */;
			buildSettings = {
				ASSETCATALOG_COMPILER_APPICON_NAME = AppIcon;
				ASSETCATALOG_COMPILER_GLOBAL_ACCENT_COLOR_NAME = AccentColor;
				CODE_SIGN_STYLE = Automatic;
				CURRENT_PROJECT_VERSION = 1;
				DEVELOPMENT_TEAM = C9QK36AN46;
				GENERATE_INFOPLIST_FILE = YES;
				INFOPLIST_FILE = DemoChat/Info.plist;
				INFOPLIST_KEY_UIApplicationSupportsIndirectInputEvents = YES;
				INFOPLIST_KEY_UILaunchStoryboardName = LaunchScreen;
				INFOPLIST_KEY_UISupportedInterfaceOrientations_iPad = "UIInterfaceOrientationPortrait UIInterfaceOrientationPortraitUpsideDown UIInterfaceOrientationLandscapeLeft UIInterfaceOrientationLandscapeRight";
				INFOPLIST_KEY_UISupportedInterfaceOrientations_iPhone = "UIInterfaceOrientationPortrait UIInterfaceOrientationLandscapeLeft UIInterfaceOrientationLandscapeRight";
				LD_RUNPATH_SEARCH_PATHS = (
					"$(inherited)",
					"@executable_path/Frameworks",
				);
				MARKETING_VERSION = 1.0;
				PRODUCT_BUNDLE_IDENTIFIER = niko.kharkevich.DemoChat;
				PRODUCT_NAME = "$(TARGET_NAME)";
				SWIFT_EMIT_LOC_STRINGS = YES;
				SWIFT_VERSION = 5.0;
				TARGETED_DEVICE_FAMILY = "1,2";
			};
			name = Release;
		};
/* End XCBuildConfiguration section */

/* Begin XCConfigurationList section */
		C026825527987B63006AB0F8 /* Build configuration list for PBXProject "DemoChat" */ = {
			isa = XCConfigurationList;
			buildConfigurations = (
				C026826C27987B66006AB0F8 /* Debug */,
				C026826D27987B66006AB0F8 /* Release */,
			);
			defaultConfigurationIsVisible = 0;
			defaultConfigurationName = Release;
		};
		C026826E27987B66006AB0F8 /* Build configuration list for PBXNativeTarget "DemoChat" */ = {
			isa = XCConfigurationList;
			buildConfigurations = (
				C026826F27987B66006AB0F8 /* Debug */,
				C026827027987B66006AB0F8 /* Release */,
			);
			defaultConfigurationIsVisible = 0;
			defaultConfigurationName = Release;
		};
/* End XCConfigurationList section */
	};
	rootObject = C026825227987B63006AB0F8 /* Project object */;
}
